
Microsoft Visual Studio Solution File, Format Version 12.00
# Visual Studio 2012
Project("{FAE04EC0-301F-11D3-BF4B-00C04F79EFBC}") = "1. Sortable", "Sortable\1. Sortable.csproj", "{EAE36F04-35F2-4130-9D91-5E08ACE23BFE}"
EndProject
Global
	GlobalSection(SolutionConfigurationPlatforms) = preSolution
		Debug|Any CPU = Debug|Any CPU
		Release|Any CPU = Release|Any CPU
	EndGlobalSection
	GlobalSection(ProjectConfigurationPlatforms) = postSolution
		{EAE36F04-35F2-4130-9D91-5E08ACE23BFE}.Debug|Any CPU.ActiveCfg = Debug|Any CPU
		{EAE36F04-35F2-4130-9D91-5E08ACE23BFE}.Debug|Any CPU.Build.0 = Debug|Any CPU
		{EAE36F04-35F2-4130-9D91-5E08ACE23BFE}.Release|Any CPU.ActiveCfg = Release|Any CPU
		{EAE36F04-35F2-4130-9D91-5E08ACE23BFE}.Release|Any CPU.Build.0 = Release|Any CPU
	EndGlobalSection
	GlobalSection(SolutionProperties) = preSolution
		HideSolutionNode = FALSE
	EndGlobalSection
EndGlobal
