
Microsoft Visual Studio Solution File, Format Version 12.00
# Visual Studio 2012
Project("{FAE04EC0-301F-11D3-BF4B-00C04F79EFBC}") = "SASS1", "SASS1\SASS1.csproj", "{FADEC0D9-9924-44C4-BEB9-3F4400E46978}"
EndProject
Project("{2150E333-8FDC-42A3-9474-1A3956D46DE8}") = "Solution Items", "Solution Items", "{82E70BDB-3802-4268-A055-9402B95D363B}"
EndProject
Global
	GlobalSection(SolutionConfigurationPlatforms) = preSolution
		Debug|Any CPU = Debug|Any CPU
		Release|Any CPU = Release|Any CPU
	EndGlobalSection
	GlobalSection(ProjectConfigurationPlatforms) = postSolution
		{FADEC0D9-9924-44C4-BEB9-3F4400E46978}.Debug|Any CPU.ActiveCfg = Debug|Any CPU
		{FADEC0D9-9924-44C4-BEB9-3F4400E46978}.Debug|Any CPU.Build.0 = Debug|Any CPU
		{FADEC0D9-9924-44C4-BEB9-3F4400E46978}.Release|Any CPU.ActiveCfg = Release|Any CPU
		{FADEC0D9-9924-44C4-BEB9-3F4400E46978}.Release|Any CPU.Build.0 = Release|Any CPU
	EndGlobalSection
	GlobalSection(SolutionProperties) = preSolution
		HideSolutionNode = FALSE
	EndGlobalSection
EndGlobal
