
Microsoft Visual Studio Solution File, Format Version 12.00
# Visual Studio 2012
Project("{FAE04EC0-301F-11D3-BF4B-00C04F79EFBC}") = "ExamCSS", "ExamCSS\ExamCSS.csproj", "{FFF7AB83-C6E1-42E9-8B33-9655044C6770}"
EndProject
Global
	GlobalSection(SolutionConfigurationPlatforms) = preSolution
		Debug|Any CPU = Debug|Any CPU
		Release|Any CPU = Release|Any CPU
	EndGlobalSection
	GlobalSection(ProjectConfigurationPlatforms) = postSolution
		{FFF7AB83-C6E1-42E9-8B33-9655044C6770}.Debug|Any CPU.ActiveCfg = Debug|Any CPU
		{FFF7AB83-C6E1-42E9-8B33-9655044C6770}.Debug|Any CPU.Build.0 = Debug|Any CPU
		{FFF7AB83-C6E1-42E9-8B33-9655044C6770}.Release|Any CPU.ActiveCfg = Release|Any CPU
		{FFF7AB83-C6E1-42E9-8B33-9655044C6770}.Release|Any CPU.Build.0 = Release|Any CPU
	EndGlobalSection
	GlobalSection(SolutionProperties) = preSolution
		HideSolutionNode = FALSE
	EndGlobalSection
EndGlobal
